// !$*UTF8*$!
{
	archiveVersion = 1;
	classes = {
	};
	objectVersion = 50;
	objects = {

/* Begin PBXBuildFile section */
		A5BBFA7723744B1600F191A8 /* AppDelegate.swift in Sources */ = {isa = PBXBuildFile; fileRef = A5BBFA7623744B1600F191A8 /* AppDelegate.swift */; };
		A5BBFA7A23744B1600F191A8 /* TestTaskIMDB.xcdatamodeld in Sources */ = {isa = PBXBuildFile; fileRef = A5BBFA7823744B1600F191A8 /* TestTaskIMDB.xcdatamodeld */; };
		A5BBFA7C23744B1600F191A8 /* SceneDelegate.swift in Sources */ = {isa = PBXBuildFile; fileRef = A5BBFA7B23744B1600F191A8 /* SceneDelegate.swift */; };
		A5BBFA7E23744B1600F191A8 /* MasterViewController.swift in Sources */ = {isa = PBXBuildFile; fileRef = A5BBFA7D23744B1600F191A8 /* MasterViewController.swift */; };
		A5BBFA8023744B1600F191A8 /* DetailViewController.swift in Sources */ = {isa = PBXBuildFile; fileRef = A5BBFA7F23744B1600F191A8 /* DetailViewController.swift */; };
		A5BBFA8323744B1600F191A8 /* Main.storyboard in Resources */ = {isa = PBXBuildFile; fileRef = A5BBFA8123744B1600F191A8 /* Main.storyboard */; };
		A5BBFA8523744B1800F191A8 /* Assets.xcassets in Resources */ = {isa = PBXBuildFile; fileRef = A5BBFA8423744B1800F191A8 /* Assets.xcassets */; };
		A5BBFA8823744B1800F191A8 /* LaunchScreen.storyboard in Resources */ = {isa = PBXBuildFile; fileRef = A5BBFA8623744B1800F191A8 /* LaunchScreen.storyboard */; };
		A5BBFA9323744B1900F191A8 /* TestTaskIMDBTests.swift in Sources */ = {isa = PBXBuildFile; fileRef = A5BBFA9223744B1900F191A8 /* TestTaskIMDBTests.swift */; };
		A5BBFA9F2374515500F191A8 /* NetworkManager.swift in Sources */ = {isa = PBXBuildFile; fileRef = A5BBFA9E2374515500F191A8 /* NetworkManager.swift */; };
		A5BBFAA02374515500F191A8 /* NetworkManager.swift in Sources */ = {isa = PBXBuildFile; fileRef = A5BBFA9E2374515500F191A8 /* NetworkManager.swift */; };
		A5BBFAA32374696E00F191A8 /* Film.swift in Sources */ = {isa = PBXBuildFile; fileRef = A5BBFAA22374696E00F191A8 /* Film.swift */; };
		A5BBFAA42374696E00F191A8 /* Film.swift in Sources */ = {isa = PBXBuildFile; fileRef = A5BBFAA22374696E00F191A8 /* Film.swift */; };
		A5BBFAA6237477F900F191A8 /* FilmList.swift in Sources */ = {isa = PBXBuildFile; fileRef = A5BBFAA5237477F900F191A8 /* FilmList.swift */; };
		A5BBFAA7237477F900F191A8 /* FilmList.swift in Sources */ = {isa = PBXBuildFile; fileRef = A5BBFAA5237477F900F191A8 /* FilmList.swift */; };
/* End PBXBuildFile section */

/* Begin PBXContainerItemProxy section */
		A5BBFA8F23744B1900F191A8 /* PBXContainerItemProxy */ = {
			isa = PBXContainerItemProxy;
			containerPortal = A5BBFA6B23744B1600F191A8 /* Project object */;
			proxyType = 1;
			remoteGlobalIDString = A5BBFA7223744B1600F191A8;
			remoteInfo = TestTaskIMDB;
		};
/* End PBXContainerItemProxy section */

/* Begin PBXFileReference section */
		A5BBFA7323744B1600F191A8 /* TestTaskIMDB.app */ = {isa = PBXFileReference; explicitFileType = wrapper.application; includeInIndex = 0; path = TestTaskIMDB.app; sourceTree = BUILT_PRODUCTS_DIR; };
		A5BBFA7623744B1600F191A8 /* AppDelegate.swift */ = {isa = PBXFileReference; lastKnownFileType = sourcecode.swift; path = AppDelegate.swift; sourceTree = "<group>"; };
		A5BBFA7923744B1600F191A8 /* TestTaskIMDB.xcdatamodel */ = {isa = PBXFileReference; lastKnownFileType = wrapper.xcdatamodel; path = TestTaskIMDB.xcdatamodel; sourceTree = "<group>"; };
		A5BBFA7B23744B1600F191A8 /* SceneDelegate.swift */ = {isa = PBXFileReference; lastKnownFileType = sourcecode.swift; path = SceneDelegate.swift; sourceTree = "<group>"; };
		A5BBFA7D23744B1600F191A8 /* MasterViewController.swift */ = {isa = PBXFileReference; lastKnownFileType = sourcecode.swift; path = MasterViewController.swift; sourceTree = "<group>"; };
		A5BBFA7F23744B1600F191A8 /* DetailViewController.swift */ = {isa = PBXFileReference; lastKnownFileType = sourcecode.swift; path = DetailViewController.swift; sourceTree = "<group>"; };
		A5BBFA8223744B1600F191A8 /* Base */ = {isa = PBXFileReference; lastKnownFileType = file.storyboard; name = Base; path = Base.lproj/Main.storyboard; sourceTree = "<group>"; };
		A5BBFA8423744B1800F191A8 /* Assets.xcassets */ = {isa = PBXFileReference; lastKnownFileType = folder.assetcatalog; path = Assets.xcassets; sourceTree = "<group>"; };
		A5BBFA8723744B1800F191A8 /* Base */ = {isa = PBXFileReference; lastKnownFileType = file.storyboard; name = Base; path = Base.lproj/LaunchScreen.storyboard; sourceTree = "<group>"; };
		A5BBFA8923744B1800F191A8 /* Info.plist */ = {isa = PBXFileReference; lastKnownFileType = text.plist.xml; path = Info.plist; sourceTree = "<group>"; };
		A5BBFA8E23744B1900F191A8 /* TestTaskIMDBTests.xctest */ = {isa = PBXFileReference; explicitFileType = wrapper.cfbundle; includeInIndex = 0; path = TestTaskIMDBTests.xctest; sourceTree = BUILT_PRODUCTS_DIR; };
		A5BBFA9223744B1900F191A8 /* TestTaskIMDBTests.swift */ = {isa = PBXFileReference; lastKnownFileType = sourcecode.swift; path = TestTaskIMDBTests.swift; sourceTree = "<group>"; };
		A5BBFA9423744B1900F191A8 /* Info.plist */ = {isa = PBXFileReference; lastKnownFileType = text.plist.xml; path = Info.plist; sourceTree = "<group>"; };
		A5BBFA9E2374515500F191A8 /* NetworkManager.swift */ = {isa = PBXFileReference; lastKnownFileType = sourcecode.swift; path = NetworkManager.swift; sourceTree = "<group>"; };
		A5BBFAA22374696E00F191A8 /* Film.swift */ = {isa = PBXFileReference; lastKnownFileType = sourcecode.swift; path = Film.swift; sourceTree = "<group>"; };
		A5BBFAA5237477F900F191A8 /* FilmList.swift */ = {isa = PBXFileReference; lastKnownFileType = sourcecode.swift; path = FilmList.swift; sourceTree = "<group>"; };
/* End PBXFileReference section */

/* Begin PBXFrameworksBuildPhase section */
		A5BBFA7023744B1600F191A8 /* Frameworks */ = {
			isa = PBXFrameworksBuildPhase;
			buildActionMask = 2147483647;
			files = (
			);
			runOnlyForDeploymentPostprocessing = 0;
		};
		A5BBFA8B23744B1900F191A8 /* Frameworks */ = {
			isa = PBXFrameworksBuildPhase;
			buildActionMask = 2147483647;
			files = (
			);
			runOnlyForDeploymentPostprocessing = 0;
		};
/* End PBXFrameworksBuildPhase section */

/* Begin PBXGroup section */
		A5BBFA6A23744B1600F191A8 = {
			isa = PBXGroup;
			children = (
				A5BBFA7523744B1600F191A8 /* TestTaskIMDB */,
				A5BBFA9123744B1900F191A8 /* TestTaskIMDBTests */,
				A5BBFA7423744B1600F191A8 /* Products */,
			);
			sourceTree = "<group>";
		};
		A5BBFA7423744B1600F191A8 /* Products */ = {
			isa = PBXGroup;
			children = (
				A5BBFA7323744B1600F191A8 /* TestTaskIMDB.app */,
				A5BBFA8E23744B1900F191A8 /* TestTaskIMDBTests.xctest */,
			);
			name = Products;
			sourceTree = "<group>";
		};
		A5BBFA7523744B1600F191A8 /* TestTaskIMDB */ = {
			isa = PBXGroup;
			children = (
				A5BBFAA12374691E00F191A8 /* Data */,
				A5BBFA9D2374509F00F191A8 /* Networking */,
				A5BBFA7623744B1600F191A8 /* AppDelegate.swift */,
				A5BBFA7B23744B1600F191A8 /* SceneDelegate.swift */,
				A5BBFA7D23744B1600F191A8 /* MasterViewController.swift */,
				A5BBFA7F23744B1600F191A8 /* DetailViewController.swift */,
				A5BBFA8123744B1600F191A8 /* Main.storyboard */,
				A5BBFA8423744B1800F191A8 /* Assets.xcassets */,
				A5BBFA8623744B1800F191A8 /* LaunchScreen.storyboard */,
				A5BBFA8923744B1800F191A8 /* Info.plist */,
				A5BBFA7823744B1600F191A8 /* TestTaskIMDB.xcdatamodeld */,
			);
			path = TestTaskIMDB;
			sourceTree = "<group>";
		};
		A5BBFA9123744B1900F191A8 /* TestTaskIMDBTests */ = {
			isa = PBXGroup;
			children = (
				A5BBFA9223744B1900F191A8 /* TestTaskIMDBTests.swift */,
				A5BBFA9423744B1900F191A8 /* Info.plist */,
			);
			path = TestTaskIMDBTests;
			sourceTree = "<group>";
		};
		A5BBFA9D2374509F00F191A8 /* Networking */ = {
			isa = PBXGroup;
			children = (
				A5BBFA9E2374515500F191A8 /* NetworkManager.swift */,
			);
			path = Networking;
			sourceTree = "<group>";
		};
		A5BBFAA12374691E00F191A8 /* Data */ = {
			isa = PBXGroup;
			children = (
				A5BBFAA22374696E00F191A8 /* Film.swift */,
				A5BBFAA5237477F900F191A8 /* FilmList.swift */,
			);
			path = Data;
			sourceTree = "<group>";
		};
/* End PBXGroup section */

/* Begin PBXNativeTarget section */
		A5BBFA7223744B1600F191A8 /* TestTaskIMDB */ = {
			isa = PBXNativeTarget;
			buildConfigurationList = A5BBFA9723744B1900F191A8 /* Build configuration list for PBXNativeTarget "TestTaskIMDB" */;
			buildPhases = (
				A5BBFA6F23744B1600F191A8 /* Sources */,
				A5BBFA7023744B1600F191A8 /* Frameworks */,
				A5BBFA7123744B1600F191A8 /* Resources */,
			);
			buildRules = (
			);
			dependencies = (
			);
			name = TestTaskIMDB;
			productName = TestTaskIMDB;
			productReference = A5BBFA7323744B1600F191A8 /* TestTaskIMDB.app */;
			productType = "com.apple.product-type.application";
		};
		A5BBFA8D23744B1900F191A8 /* TestTaskIMDBTests */ = {
			isa = PBXNativeTarget;
			buildConfigurationList = A5BBFA9A23744B1900F191A8 /* Build configuration list for PBXNativeTarget "TestTaskIMDBTests" */;
			buildPhases = (
				A5BBFA8A23744B1900F191A8 /* Sources */,
				A5BBFA8B23744B1900F191A8 /* Frameworks */,
				A5BBFA8C23744B1900F191A8 /* Resources */,
			);
			buildRules = (
			);
			dependencies = (
				A5BBFA9023744B1900F191A8 /* PBXTargetDependency */,
			);
			name = TestTaskIMDBTests;
			productName = TestTaskIMDBTests;
			productReference = A5BBFA8E23744B1900F191A8 /* TestTaskIMDBTests.xctest */;
			productType = "com.apple.product-type.bundle.unit-test";
		};
/* End PBXNativeTarget section */

/* Begin PBXProject section */
		A5BBFA6B23744B1600F191A8 /* Project object */ = {
			isa = PBXProject;
			attributes = {
				LastSwiftUpdateCheck = 1120;
				LastUpgradeCheck = 1120;
				ORGANIZATIONNAME = ShamanRU;
				TargetAttributes = {
					A5BBFA7223744B1600F191A8 = {
						CreatedOnToolsVersion = 11.2;
					};
					A5BBFA8D23744B1900F191A8 = {
						CreatedOnToolsVersion = 11.2;
						TestTargetID = A5BBFA7223744B1600F191A8;
					};
				};
			};
			buildConfigurationList = A5BBFA6E23744B1600F191A8 /* Build configuration list for PBXProject "TestTaskIMDB" */;
			compatibilityVersion = "Xcode 9.3";
			developmentRegion = en;
			hasScannedForEncodings = 0;
			knownRegions = (
				en,
				Base,
			);
			mainGroup = A5BBFA6A23744B1600F191A8;
			productRefGroup = A5BBFA7423744B1600F191A8 /* Products */;
			projectDirPath = "";
			projectRoot = "";
			targets = (
				A5BBFA7223744B1600F191A8 /* TestTaskIMDB */,
				A5BBFA8D23744B1900F191A8 /* TestTaskIMDBTests */,
			);
		};
/* End PBXProject section */

/* Begin PBXResourcesBuildPhase section */
		A5BBFA7123744B1600F191A8 /* Resources */ = {
			isa = PBXResourcesBuildPhase;
			buildActionMask = 2147483647;
			files = (
				A5BBFA8823744B1800F191A8 /* LaunchScreen.storyboard in Resources */,
				A5BBFA8523744B1800F191A8 /* Assets.xcassets in Resources */,
				A5BBFA8323744B1600F191A8 /* Main.storyboard in Resources */,
			);
			runOnlyForDeploymentPostprocessing = 0;
		};
		A5BBFA8C23744B1900F191A8 /* Resources */ = {
			isa = PBXResourcesBuildPhase;
			buildActionMask = 2147483647;
			files = (
			);
			runOnlyForDeploymentPostprocessing = 0;
		};
/* End PBXResourcesBuildPhase section */

/* Begin PBXSourcesBuildPhase section */
		A5BBFA6F23744B1600F191A8 /* Sources */ = {
			isa = PBXSourcesBuildPhase;
			buildActionMask = 2147483647;
			files = (
				A5BBFA9F2374515500F191A8 /* NetworkManager.swift in Sources */,
				A5BBFA7E23744B1600F191A8 /* MasterViewController.swift in Sources */,
				A5BBFA7A23744B1600F191A8 /* TestTaskIMDB.xcdatamodeld in Sources */,
				A5BBFA8023744B1600F191A8 /* DetailViewController.swift in Sources */,
				A5BBFA7723744B1600F191A8 /* AppDelegate.swift in Sources */,
				A5BBFAA6237477F900F191A8 /* FilmList.swift in Sources */,
				A5BBFA7C23744B1600F191A8 /* SceneDelegate.swift in Sources */,
				A5BBFAA32374696E00F191A8 /* Film.swift in Sources */,
			);
			runOnlyForDeploymentPostprocessing = 0;
		};
		A5BBFA8A23744B1900F191A8 /* Sources */ = {
			isa = PBXSourcesBuildPhase;
			buildActionMask = 2147483647;
			files = (
				A5BBFAA02374515500F191A8 /* NetworkManager.swift in Sources */,
				A5BBFAA7237477F900F191A8 /* FilmList.swift in Sources */,
				A5BBFAA42374696E00F191A8 /* Film.swift in Sources */,
				A5BBFA9323744B1900F191A8 /* TestTaskIMDBTests.swift in Sources */,
			);
			runOnlyForDeploymentPostprocessing = 0;
		};
/* End PBXSourcesBuildPhase section */

/* Begin PBXTargetDependency section */
		A5BBFA9023744B1900F191A8 /* PBXTargetDependency */ = {
			isa = PBXTargetDependency;
			target = A5BBFA7223744B1600F191A8 /* TestTaskIMDB */;
			targetProxy = A5BBFA8F23744B1900F191A8 /* PBXContainerItemProxy */;
		};
/* End PBXTargetDependency section */

/* Begin PBXVariantGroup section */
		A5BBFA8123744B1600F191A8 /* Main.storyboard */ = {
			isa = PBXVariantGroup;
			children = (
				A5BBFA8223744B1600F191A8 /* Base */,
			);
			name = Main.storyboard;
			sourceTree = "<group>";
		};
		A5BBFA8623744B1800F191A8 /* LaunchScreen.storyboard */ = {
			isa = PBXVariantGroup;
			children = (
				A5BBFA8723744B1800F191A8 /* Base */,
			);
			name = LaunchScreen.storyboard;
			sourceTree = "<group>";
		};
/* End PBXVariantGroup section */

/* Begin XCBuildConfiguration section */
		A5BBFA9523744B1900F191A8 /* Debug */ = {
			isa = XCBuildConfiguration;
			buildSettings = {
				ALWAYS_SEARCH_USER_PATHS = NO;
				CLANG_ANALYZER_NONNULL = YES;
				CLANG_ANALYZER_NUMBER_OBJECT_CONVERSION = YES_AGGRESSIVE;
				CLANG_CXX_LANGUAGE_STANDARD = "gnu++14";
				CLANG_CXX_LIBRARY = "libc++";
				CLANG_ENABLE_MODULES = YES;
				CLANG_ENABLE_OBJC_ARC = YES;
				CLANG_ENABLE_OBJC_WEAK = YES;
				CLANG_WARN_BLOCK_CAPTURE_AUTORELEASING = YES;
				CLANG_WARN_BOOL_CONVERSION = YES;
				CLANG_WARN_COMMA = YES;
				CLANG_WARN_CONSTANT_CONVERSION = YES;
				CLANG_WARN_DEPRECATED_OBJC_IMPLEMENTATIONS = YES;
				CLANG_WARN_DIRECT_OBJC_ISA_USAGE = YES_ERROR;
				CLANG_WARN_DOCUMENTATION_COMMENTS = YES;
				CLANG_WARN_EMPTY_BODY = YES;
				CLANG_WARN_ENUM_CONVERSION = YES;
				CLANG_WARN_INFINITE_RECURSION = YES;
				CLANG_WARN_INT_CONVERSION = YES;
				CLANG_WARN_NON_LITERAL_NULL_CONVERSION = YES;
				CLANG_WARN_OBJC_IMPLICIT_RETAIN_SELF = YES;
				CLANG_WARN_OBJC_LITERAL_CONVERSION = YES;
				CLANG_WARN_OBJC_ROOT_CLASS = YES_ERROR;
				CLANG_WARN_RANGE_LOOP_ANALYSIS = YES;
				CLANG_WARN_STRICT_PROTOTYPES = YES;
				CLANG_WARN_SUSPICIOUS_MOVE = YES;
				CLANG_WARN_UNGUARDED_AVAILABILITY = YES_AGGRESSIVE;
				CLANG_WARN_UNREACHABLE_CODE = YES;
				CLANG_WARN__DUPLICATE_METHOD_MATCH = YES;
				COPY_PHASE_STRIP = NO;
				DEBUG_INFORMATION_FORMAT = dwarf;
				ENABLE_STRICT_OBJC_MSGSEND = YES;
				ENABLE_TESTABILITY = YES;
				GCC_C_LANGUAGE_STANDARD = gnu11;
				GCC_DYNAMIC_NO_PIC = NO;
				GCC_NO_COMMON_BLOCKS = YES;
				GCC_OPTIMIZATION_LEVEL = 0;
				GCC_PREPROCESSOR_DEFINITIONS = (
					"DEBUG=1",
					"$(inherited)",
				);
				GCC_WARN_64_TO_32_BIT_CONVERSION = YES;
				GCC_WARN_ABOUT_RETURN_TYPE = YES_ERROR;
				GCC_WARN_UNDECLARED_SELECTOR = YES;
				GCC_WARN_UNINITIALIZED_AUTOS = YES_AGGRESSIVE;
				GCC_WARN_UNUSED_FUNCTION = YES;
				GCC_WARN_UNUSED_VARIABLE = YES;
				IPHONEOS_DEPLOYMENT_TARGET = 13.2;
				MTL_ENABLE_DEBUG_INFO = INCLUDE_SOURCE;
				MTL_FAST_MATH = YES;
				ONLY_ACTIVE_ARCH = YES;
				SDKROOT = iphoneos;
				SWIFT_ACTIVE_COMPILATION_CONDITIONS = DEBUG;
				SWIFT_OPTIMIZATION_LEVEL = "-Onone";
			};
			name = Debug;
		};
		A5BBFA9623744B1900F191A8 /* Release */ = {
			isa = XCBuildConfiguration;
			buildSettings = {
				ALWAYS_SEARCH_USER_PATHS = NO;
				CLANG_ANALYZER_NONNULL = YES;
				CLANG_ANALYZER_NUMBER_OBJECT_CONVERSION = YES_AGGRESSIVE;
				CLANG_CXX_LANGUAGE_STANDARD = "gnu++14";
				CLANG_CXX_LIBRARY = "libc++";
				CLANG_ENABLE_MODULES = YES;
				CLANG_ENABLE_OBJC_ARC = YES;
				CLANG_ENABLE_OBJC_WEAK = YES;
				CLANG_WARN_BLOCK_CAPTURE_AUTORELEASING = YES;
				CLANG_WARN_BOOL_CONVERSION = YES;
				CLANG_WARN_COMMA = YES;
				CLANG_WARN_CONSTANT_CONVERSION = YES;
				CLANG_WARN_DEPRECATED_OBJC_IMPLEMENTATIONS = YES;
				CLANG_WARN_DIRECT_OBJC_ISA_USAGE = YES_ERROR;
				CLANG_WARN_DOCUMENTATION_COMMENTS = YES;
				CLANG_WARN_EMPTY_BODY = YES;
				CLANG_WARN_ENUM_CONVERSION = YES;
				CLANG_WARN_INFINITE_RECURSION = YES;
				CLANG_WARN_INT_CONVERSION = YES;
				CLANG_WARN_NON_LITERAL_NULL_CONVERSION = YES;
				CLANG_WARN_OBJC_IMPLICIT_RETAIN_SELF = YES;
				CLANG_WARN_OBJC_LITERAL_CONVERSION = YES;
				CLANG_WARN_OBJC_ROOT_CLASS = YES_ERROR;
				CLANG_WARN_RANGE_LOOP_ANALYSIS = YES;
				CLANG_WARN_STRICT_PROTOTYPES = YES;
				CLANG_WARN_SUSPICIOUS_MOVE = YES;
				CLANG_WARN_UNGUARDED_AVAILABILITY = YES_AGGRESSIVE;
				CLANG_WARN_UNREACHABLE_CODE = YES;
				CLANG_WARN__DUPLICATE_METHOD_MATCH = YES;
				COPY_PHASE_STRIP = NO;
				DEBUG_INFORMATION_FORMAT = "dwarf-with-dsym";
				ENABLE_NS_ASSERTIONS = NO;
				ENABLE_STRICT_OBJC_MSGSEND = YES;
				GCC_C_LANGUAGE_STANDARD = gnu11;
				GCC_NO_COMMON_BLOCKS = YES;
				GCC_WARN_64_TO_32_BIT_CONVERSION = YES;
				GCC_WARN_ABOUT_RETURN_TYPE = YES_ERROR;
				GCC_WARN_UNDECLARED_SELECTOR = YES;
				GCC_WARN_UNINITIALIZED_AUTOS = YES_AGGRESSIVE;
				GCC_WARN_UNUSED_FUNCTION = YES;
				GCC_WARN_UNUSED_VARIABLE = YES;
				IPHONEOS_DEPLOYMENT_TARGET = 13.2;
				MTL_ENABLE_DEBUG_INFO = NO;
				MTL_FAST_MATH = YES;
				SDKROOT = iphoneos;
				SWIFT_COMPILATION_MODE = wholemodule;
				SWIFT_OPTIMIZATION_LEVEL = "-O";
				VALIDATE_PRODUCT = YES;
			};
			name = Release;
		};
		A5BBFA9823744B1900F191A8 /* Debug */ = {
			isa = XCBuildConfiguration;
			buildSettings = {
				ASSETCATALOG_COMPILER_APPICON_NAME = AppIcon;
				CODE_SIGN_STYLE = Automatic;
				INFOPLIST_FILE = TestTaskIMDB/Info.plist;
				LD_RUNPATH_SEARCH_PATHS = (
					"$(inherited)",
					"@executable_path/Frameworks",
				);
				PRODUCT_BUNDLE_IDENTIFIER = ShamanRU.TestTaskIMDB;
				PRODUCT_NAME = "$(TARGET_NAME)";
				SWIFT_VERSION = 5.0;
				TARGETED_DEVICE_FAMILY = "1,2";
			};
			name = Debug;
		};
		A5BBFA9923744B1900F191A8 /* Release */ = {
			isa = XCBuildConfiguration;
			buildSettings = {
				ASSETCATALOG_COMPILER_APPICON_NAME = AppIcon;
				CODE_SIGN_STYLE = Automatic;
				INFOPLIST_FILE = TestTaskIMDB/Info.plist;
				LD_RUNPATH_SEARCH_PATHS = (
					"$(inherited)",
					"@executable_path/Frameworks",
				);
				PRODUCT_BUNDLE_IDENTIFIER = ShamanRU.TestTaskIMDB;
				PRODUCT_NAME = "$(TARGET_NAME)";
				SWIFT_VERSION = 5.0;
				TARGETED_DEVICE_FAMILY = "1,2";
			};
			name = Release;
		};
		A5BBFA9B23744B1900F191A8 /* Debug */ = {
			isa = XCBuildConfiguration;
			buildSettings = {
				ALWAYS_EMBED_SWIFT_STANDARD_LIBRARIES = YES;
				BUNDLE_LOADER = "$(TEST_HOST)";
				CODE_SIGN_STYLE = Automatic;
				INFOPLIST_FILE = TestTaskIMDBTests/Info.plist;
				IPHONEOS_DEPLOYMENT_TARGET = 13.2;
				LD_RUNPATH_SEARCH_PATHS = (
					"$(inherited)",
					"@executable_path/Frameworks",
					"@loader_path/Frameworks",
				);
				PRODUCT_BUNDLE_IDENTIFIER = ShamanRU.TestTaskIMDBTests;
				PRODUCT_NAME = "$(TARGET_NAME)";
				SWIFT_VERSION = 5.0;
				TARGETED_DEVICE_FAMILY = "1,2";
				TEST_HOST = "$(BUILT_PRODUCTS_DIR)/TestTaskIMDB.app/TestTaskIMDB";
			};
			name = Debug;
		};
		A5BBFA9C23744B1900F191A8 /* Release */ = {
			isa = XCBuildConfiguration;
			buildSettings = {
				ALWAYS_EMBED_SWIFT_STANDARD_LIBRARIES = YES;
				BUNDLE_LOADER = "$(TEST_HOST)";
				CODE_SIGN_STYLE = Automatic;
				INFOPLIST_FILE = TestTaskIMDBTests/Info.plist;
				IPHONEOS_DEPLOYMENT_TARGET = 13.2;
				LD_RUNPATH_SEARCH_PATHS = (
					"$(inherited)",
					"@executable_path/Frameworks",
					"@loader_path/Frameworks",
				);
				PRODUCT_BUNDLE_IDENTIFIER = ShamanRU.TestTaskIMDBTests;
				PRODUCT_NAME = "$(TARGET_NAME)";
				SWIFT_VERSION = 5.0;
				TARGETED_DEVICE_FAMILY = "1,2";
				TEST_HOST = "$(BUILT_PRODUCTS_DIR)/TestTaskIMDB.app/TestTaskIMDB";
			};
			name = Release;
		};
/* End XCBuildConfiguration section */

/* Begin XCConfigurationList section */
		A5BBFA6E23744B1600F191A8 /* Build configuration list for PBXProject "TestTaskIMDB" */ = {
			isa = XCConfigurationList;
			buildConfigurations = (
				A5BBFA9523744B1900F191A8 /* Debug */,
				A5BBFA9623744B1900F191A8 /* Release */,
			);
			defaultConfigurationIsVisible = 0;
			defaultConfigurationName = Release;
		};
		A5BBFA9723744B1900F191A8 /* Build configuration list for PBXNativeTarget "TestTaskIMDB" */ = {
			isa = XCConfigurationList;
			buildConfigurations = (
				A5BBFA9823744B1900F191A8 /* Debug */,
				A5BBFA9923744B1900F191A8 /* Release */,
			);
			defaultConfigurationIsVisible = 0;
			defaultConfigurationName = Release;
		};
		A5BBFA9A23744B1900F191A8 /* Build configuration list for PBXNativeTarget "TestTaskIMDBTests" */ = {
			isa = XCConfigurationList;
			buildConfigurations = (
				A5BBFA9B23744B1900F191A8 /* Debug */,
				A5BBFA9C23744B1900F191A8 /* Release */,
			);
			defaultConfigurationIsVisible = 0;
			defaultConfigurationName = Release;
		};
/* End XCConfigurationList section */

/* Begin XCVersionGroup section */
		A5BBFA7823744B1600F191A8 /* TestTaskIMDB.xcdatamodeld */ = {
			isa = XCVersionGroup;
			children = (
				A5BBFA7923744B1600F191A8 /* TestTaskIMDB.xcdatamodel */,
			);
			currentVersion = A5BBFA7923744B1600F191A8 /* TestTaskIMDB.xcdatamodel */;
			path = TestTaskIMDB.xcdatamodeld;
			sourceTree = "<group>";
			versionGroupType = wrapper.xcdatamodel;
		};
/* End XCVersionGroup section */
	};
	rootObject = A5BBFA6B23744B1600F191A8 /* Project object */;
}
